
Microsoft Visual Studio Solution File, Format Version 12.00
# Visual Studio Version 16
VisualStudioVersion = 16.0.30804.86
MinimumVisualStudioVersion = 10.0.40219.1
Project("{FAE04EC0-301F-11D3-BF4B-00C04F79EFBC}") = "image-format-converter", "image-format-converter.csproj", "{FB636E23-59A8-455A-B115-8DB00804F54A}"
EndProject
Global
	GlobalSection(SolutionConfigurationPlatforms) = preSolution
		Debug|Any CPU = Debug|Any CPU
		Release|Any CPU = Release|Any CPU
	EndGlobalSection
	GlobalSection(ProjectConfigurationPlatforms) = postSolution
		{FB636E23-59A8-455A-B115-8DB00804F54A}.Debug|Any CPU.ActiveCfg = Debug|Any CPU
		{FB636E23-59A8-455A-B115-8DB00804F54A}.Debug|Any CPU.Build.0 = Debug|Any CPU
		{FB636E23-59A8-455A-B115-8DB00804F54A}.Release|Any CPU.ActiveCfg = Release|Any CPU
		{FB636E23-59A8-455A-B115-8DB00804F54A}.Release|Any CPU.Build.0 = Release|Any CPU
	EndGlobalSection
	GlobalSection(SolutionProperties) = preSolution
		HideSolutionNode = FALSE
	EndGlobalSection
	GlobalSection(ExtensibilityGlobals) = postSolution
		SolutionGuid = {96499F4C-4258-4940-9BA7-9FB8478F860D}
	EndGlobalSection
EndGlobal
